Microsoft Visual Studio Solution File, Format Version 12.00
# Visual Studio Version 17
VisualStudioVersion = 17.5.2.0
MinimumVisualStudioVersion = 10.0.40219.1
Project("{FAE04EC0-301F-11D3-BF4B-00C04F79EFBC}") = "san-vicente-hospital", "san-vicente-hospital.csproj", "{53F77882-A02D-8764-E58B-2193F64FC460}"
EndProject
Global
	GlobalSection(SolutionConfigurationPlatforms) = preSolution
		Debug|Any CPU = Debug|Any CPU
		Release|Any CPU = Release|Any CPU
	EndGlobalSection
	GlobalSection(ProjectConfigurationPlatforms) = postSolution
		{53F77882-A02D-8764-E58B-2193F64FC460}.Debug|Any CPU.ActiveCfg = Debug|Any CPU
		{53F77882-A02D-8764-E58B-2193F64FC460}.Debug|Any CPU.Build.0 = Debug|Any CPU
		{53F77882-A02D-8764-E58B-2193F64FC460}.Release|Any CPU.ActiveCfg = Release|Any CPU
		{53F77882-A02D-8764-E58B-2193F64FC460}.Release|Any CPU.Build.0 = Release|Any CPU
	EndGlobalSection
	GlobalSection(SolutionProperties) = preSolution
		HideSolutionNode = FALSE
	EndGlobalSection
	GlobalSection(ExtensibilityGlobals) = postSolution
		SolutionGuid = {5C10F9C5-3831-44A9-B7C3-78E9F7AEC068}
	EndGlobalSection
EndGlobal
